
Microsoft Visual Studio Solution File, Format Version 12.00
# Visual Studio 15
VisualStudioVersion = 15.0.27703.2000
MinimumVisualStudioVersion = 10.0.40219.1
Project("{8BC9CEB8-8B4A-11D0-8D11-00A0C91BC942}") = "OpenCV_3_Car_Counting_Cpp", "OpenCV_3_Car_Counting_Cpp.vcxproj", "{F7164602-53E9-4BF2-9464-A2267A15ED53}"
EndProject
Global
	GlobalSection(SolutionConfigurationPlatforms) = preSolution
		Debug|x64 = Debug|x64
		Debug|x86 = Debug|x86
		Release|x64 = Release|x64
		Release|x86 = Release|x86
	EndGlobalSection
	GlobalSection(ProjectConfigurationPlatforms) = postSolution
		{F7164602-53E9-4BF2-9464-A2267A15ED53}.Debug|x64.ActiveCfg = Debug|x64
		{F7164602-53E9-4BF2-9464-A2267A15ED53}.Debug|x64.Build.0 = Debug|x64
		{F7164602-53E9-4BF2-9464-A2267A15ED53}.Debug|x86.ActiveCfg = Debug|Win32
		{F7164602-53E9-4BF2-9464-A2267A15ED53}.Debug|x86.Build.0 = Debug|Win32
		{F7164602-53E9-4BF2-9464-A2267A15ED53}.Release|x64.ActiveCfg = Release|x64
		{F7164602-53E9-4BF2-9464-A2267A15ED53}.Release|x64.Build.0 = Release|x64
		{F7164602-53E9-4BF2-9464-A2267A15ED53}.Release|x86.ActiveCfg = Release|Win32
		{F7164602-53E9-4BF2-9464-A2267A15ED53}.Release|x86.Build.0 = Release|Win32
	EndGlobalSection
	GlobalSection(SolutionProperties) = preSolution
		HideSolutionNode = FALSE
	EndGlobalSection
	GlobalSection(ExtensibilityGlobals) = postSolution
		SolutionGuid = {91047884-03B8-46B0-84E1-3E8C2E8B79DA}
	EndGlobalSection
EndGlobal
